// !$*UTF8*$!
{
	archiveVersion = 1;
	classes = {
	};
	objectVersion = 56;
	objects = {

/* Begin PBXBuildFile section */
		A478331C2B4733DF0060AFCC /* RemotePokemonService.swift in Sources */ = {isa = PBXBuildFile; fileRef = A478331B2B4733DF0060AFCC /* RemotePokemonService.swift */; };
		A478331F2B4735030060AFCC /* GetPokemonsRequest.swift in Sources */ = {isa = PBXBuildFile; fileRef = A478331E2B4735030060AFCC /* GetPokemonsRequest.swift */; };
		A47833212B4735C10060AFCC /* GetPokemonsResponse.swift in Sources */ = {isa = PBXBuildFile; fileRef = A47833202B4735C10060AFCC /* GetPokemonsResponse.swift */; };
		A47833242B47367B0060AFCC /* Pokemon.swift in Sources */ = {isa = PBXBuildFile; fileRef = A47833232B47367B0060AFCC /* Pokemon.swift */; };
		A47833262B473AD30060AFCC /* PokemonRepository.swift in Sources */ = {isa = PBXBuildFile; fileRef = A47833252B473AD30060AFCC /* PokemonRepository.swift */; };
		A478332A2B473D5C0060AFCC /* LiveRemotePokemonService.swift in Sources */ = {isa = PBXBuildFile; fileRef = A47833292B473D5C0060AFCC /* LiveRemotePokemonService.swift */; };
		A478332C2B4741B20060AFCC /* GetPokemonListUseCase.swift in Sources */ = {isa = PBXBuildFile; fileRef = A478332B2B4741B20060AFCC /* GetPokemonListUseCase.swift */; };
		A478332E2B47486D0060AFCC /* NetworkClient.swift in Sources */ = {isa = PBXBuildFile; fileRef = A478332D2B47486D0060AFCC /* NetworkClient.swift */; };
		A47833312B4749310060AFCC /* APIResponse.swift in Sources */ = {isa = PBXBuildFile; fileRef = A47833302B4749310060AFCC /* APIResponse.swift */; };
		A47833332B474ABF0060AFCC /* URLSessionNetworkClient.swift in Sources */ = {isa = PBXBuildFile; fileRef = A47833322B474ABF0060AFCC /* URLSessionNetworkClient.swift */; };
		A47833362B474B090060AFCC /* NetworkClientError.swift in Sources */ = {isa = PBXBuildFile; fileRef = A47833352B474B090060AFCC /* NetworkClientError.swift */; };
		A495E7252B46C462000BDD2C /* PokeApp_SwiftUIApp.swift in Sources */ = {isa = PBXBuildFile; fileRef = A495E7242B46C462000BDD2C /* PokeApp_SwiftUIApp.swift */; };
		A495E7272B46C462000BDD2C /* ContentView.swift in Sources */ = {isa = PBXBuildFile; fileRef = A495E7262B46C462000BDD2C /* ContentView.swift */; };
		A495E7292B46C46B000BDD2C /* Assets.xcassets in Resources */ = {isa = PBXBuildFile; fileRef = A495E7282B46C46B000BDD2C /* Assets.xcassets */; };
		A495E72C2B46C46B000BDD2C /* Preview Assets.xcassets in Resources */ = {isa = PBXBuildFile; fileRef = A495E72B2B46C46B000BDD2C /* Preview Assets.xcassets */; };
		A495E7362B46C46E000BDD2C /* PokeApp_SwiftUITests.swift in Sources */ = {isa = PBXBuildFile; fileRef = A495E7352B46C46E000BDD2C /* PokeApp_SwiftUITests.swift */; };
		A495E7402B46C46E000BDD2C /* PokeApp_SwiftUIUITests.swift in Sources */ = {isa = PBXBuildFile; fileRef = A495E73F2B46C46E000BDD2C /* PokeApp_SwiftUIUITests.swift */; };
		A495E7422B46C46E000BDD2C /* PokeApp_SwiftUIUITestsLaunchTests.swift in Sources */ = {isa = PBXBuildFile; fileRef = A495E7412B46C46E000BDD2C /* PokeApp_SwiftUIUITestsLaunchTests.swift */; };
		A495E7502B46CA0C000BDD2C /* .gitignore in Resources */ = {isa = PBXBuildFile; fileRef = A495E74F2B46CA0B000BDD2C /* .gitignore */; };
		A495E7522B46E2B5000BDD2C /* Coordinator.swift in Sources */ = {isa = PBXBuildFile; fileRef = A495E7512B46E2B5000BDD2C /* Coordinator.swift */; };
/* End PBXBuildFile section */

/* Begin PBXContainerItemProxy section */
		A495E7322B46C46E000BDD2C /* PBXContainerItemProxy */ = {
			isa = PBXContainerItemProxy;
			containerPortal = A495E7192B46C462000BDD2C /* Project object */;
			proxyType = 1;
			remoteGlobalIDString = A495E7202B46C462000BDD2C;
			remoteInfo = PokeApp_SwiftUI;
		};
		A495E73C2B46C46E000BDD2C /* PBXContainerItemProxy */ = {
			isa = PBXContainerItemProxy;
			containerPortal = A495E7192B46C462000BDD2C /* Project object */;
			proxyType = 1;
			remoteGlobalIDString = A495E7202B46C462000BDD2C;
			remoteInfo = PokeApp_SwiftUI;
		};
/* End PBXContainerItemProxy section */

/* Begin PBXFileReference section */
		A478331B2B4733DF0060AFCC /* RemotePokemonService.swift */ = {isa = PBXFileReference; lastKnownFileType = sourcecode.swift; path = RemotePokemonService.swift; sourceTree = "<group>"; };
		A478331E2B4735030060AFCC /* GetPokemonsRequest.swift */ = {isa = PBXFileReference; lastKnownFileType = sourcecode.swift; path = GetPokemonsRequest.swift; sourceTree = "<group>"; };
		A47833202B4735C10060AFCC /* GetPokemonsResponse.swift */ = {isa = PBXFileReference; lastKnownFileType = sourcecode.swift; path = GetPokemonsResponse.swift; sourceTree = "<group>"; };
		A47833232B47367B0060AFCC /* Pokemon.swift */ = {isa = PBXFileReference; lastKnownFileType = sourcecode.swift; path = Pokemon.swift; sourceTree = "<group>"; };
		A47833252B473AD30060AFCC /* PokemonRepository.swift */ = {isa = PBXFileReference; lastKnownFileType = sourcecode.swift; path = PokemonRepository.swift; sourceTree = "<group>"; };
		A47833292B473D5C0060AFCC /* LiveRemotePokemonService.swift */ = {isa = PBXFileReference; lastKnownFileType = sourcecode.swift; path = LiveRemotePokemonService.swift; sourceTree = "<group>"; };
		A478332B2B4741B20060AFCC /* GetPokemonListUseCase.swift */ = {isa = PBXFileReference; lastKnownFileType = sourcecode.swift; path = GetPokemonListUseCase.swift; sourceTree = "<group>"; };
		A478332D2B47486D0060AFCC /* NetworkClient.swift */ = {isa = PBXFileReference; lastKnownFileType = sourcecode.swift; path = NetworkClient.swift; sourceTree = "<group>"; };
		A47833302B4749310060AFCC /* APIResponse.swift */ = {isa = PBXFileReference; lastKnownFileType = sourcecode.swift; path = APIResponse.swift; sourceTree = "<group>"; };
		A47833322B474ABF0060AFCC /* URLSessionNetworkClient.swift */ = {isa = PBXFileReference; lastKnownFileType = sourcecode.swift; path = URLSessionNetworkClient.swift; sourceTree = "<group>"; };
		A47833352B474B090060AFCC /* NetworkClientError.swift */ = {isa = PBXFileReference; lastKnownFileType = sourcecode.swift; path = NetworkClientError.swift; sourceTree = "<group>"; };
		A495E7212B46C462000BDD2C /* PokeApp_SwiftUI.app */ = {isa = PBXFileReference; explicitFileType = wrapper.application; includeInIndex = 0; path = PokeApp_SwiftUI.app; sourceTree = BUILT_PRODUCTS_DIR; };
		A495E7242B46C462000BDD2C /* PokeApp_SwiftUIApp.swift */ = {isa = PBXFileReference; lastKnownFileType = sourcecode.swift; path = PokeApp_SwiftUIApp.swift; sourceTree = "<group>"; };
		A495E7262B46C462000BDD2C /* ContentView.swift */ = {isa = PBXFileReference; lastKnownFileType = sourcecode.swift; path = ContentView.swift; sourceTree = "<group>"; };
		A495E7282B46C46B000BDD2C /* Assets.xcassets */ = {isa = PBXFileReference; lastKnownFileType = folder.assetcatalog; path = Assets.xcassets; sourceTree = "<group>"; };
		A495E72B2B46C46B000BDD2C /* Preview Assets.xcassets */ = {isa = PBXFileReference; lastKnownFileType = folder.assetcatalog; path = "Preview Assets.xcassets"; sourceTree = "<group>"; };
		A495E7312B46C46E000BDD2C /* PokeApp_SwiftUITests.xctest */ = {isa = PBXFileReference; explicitFileType = wrapper.cfbundle; includeInIndex = 0; path = PokeApp_SwiftUITests.xctest; sourceTree = BUILT_PRODUCTS_DIR; };
		A495E7352B46C46E000BDD2C /* PokeApp_SwiftUITests.swift */ = {isa = PBXFileReference; lastKnownFileType = sourcecode.swift; path = PokeApp_SwiftUITests.swift; sourceTree = "<group>"; };
		A495E73B2B46C46E000BDD2C /* PokeApp_SwiftUIUITests.xctest */ = {isa = PBXFileReference; explicitFileType = wrapper.cfbundle; includeInIndex = 0; path = PokeApp_SwiftUIUITests.xctest; sourceTree = BUILT_PRODUCTS_DIR; };
		A495E73F2B46C46E000BDD2C /* PokeApp_SwiftUIUITests.swift */ = {isa = PBXFileReference; lastKnownFileType = sourcecode.swift; path = PokeApp_SwiftUIUITests.swift; sourceTree = "<group>"; };
		A495E7412B46C46E000BDD2C /* PokeApp_SwiftUIUITestsLaunchTests.swift */ = {isa = PBXFileReference; lastKnownFileType = sourcecode.swift; path = PokeApp_SwiftUIUITestsLaunchTests.swift; sourceTree = "<group>"; };
		A495E74F2B46CA0B000BDD2C /* .gitignore */ = {isa = PBXFileReference; lastKnownFileType = text; path = .gitignore; sourceTree = "<group>"; };
		A495E7512B46E2B5000BDD2C /* Coordinator.swift */ = {isa = PBXFileReference; lastKnownFileType = sourcecode.swift; path = Coordinator.swift; sourceTree = "<group>"; };
/* End PBXFileReference section */

/* Begin PBXFrameworksBuildPhase section */
		A495E71E2B46C462000BDD2C /* Frameworks */ = {
			isa = PBXFrameworksBuildPhase;
			buildActionMask = 2147483647;
			files = (
			);
			runOnlyForDeploymentPostprocessing = 0;
		};
		A495E72E2B46C46E000BDD2C /* Frameworks */ = {
			isa = PBXFrameworksBuildPhase;
			buildActionMask = 2147483647;
			files = (
			);
			runOnlyForDeploymentPostprocessing = 0;
		};
		A495E7382B46C46E000BDD2C /* Frameworks */ = {
			isa = PBXFrameworksBuildPhase;
			buildActionMask = 2147483647;
			files = (
			);
			runOnlyForDeploymentPostprocessing = 0;
		};
/* End PBXFrameworksBuildPhase section */

/* Begin PBXGroup section */
		A47833182B4733610060AFCC /* UseCase */ = {
			isa = PBXGroup;
			children = (
				A478332B2B4741B20060AFCC /* GetPokemonListUseCase.swift */,
			);
			path = UseCase;
			sourceTree = "<group>";
		};
		A47833192B47337F0060AFCC /* Service */ = {
			isa = PBXGroup;
			children = (
				A478331B2B4733DF0060AFCC /* RemotePokemonService.swift */,
				A47833292B473D5C0060AFCC /* LiveRemotePokemonService.swift */,
			);
			path = Service;
			sourceTree = "<group>";
		};
		A478331A2B47338B0060AFCC /* Repository */ = {
			isa = PBXGroup;
			children = (
				A47833252B473AD30060AFCC /* PokemonRepository.swift */,
			);
			path = Repository;
			sourceTree = "<group>";
		};
		A478331D2B4734990060AFCC /* DTO */ = {
			isa = PBXGroup;
			children = (
				A478331E2B4735030060AFCC /* GetPokemonsRequest.swift */,
				A47833202B4735C10060AFCC /* GetPokemonsResponse.swift */,
			);
			path = DTO;
			sourceTree = "<group>";
		};
		A47833222B4736130060AFCC /* Entities */ = {
			isa = PBXGroup;
			children = (
				A47833232B47367B0060AFCC /* Pokemon.swift */,
				A47833302B4749310060AFCC /* APIResponse.swift */,
			);
			path = Entities;
			sourceTree = "<group>";
		};
		A47833272B473BE40060AFCC /* Data */ = {
			isa = PBXGroup;
			children = (
				A47833282B473C480060AFCC /* Pokemon */,
			);
			path = Data;
			sourceTree = "<group>";
		};
		A47833282B473C480060AFCC /* Pokemon */ = {
			isa = PBXGroup;
			children = (
				A47833192B47337F0060AFCC /* Service */,
				A478331A2B47338B0060AFCC /* Repository */,
			);
			path = Pokemon;
			sourceTree = "<group>";
		};
		A478332F2B4748F40060AFCC /* NetworkClient */ = {
			isa = PBXGroup;
			children = (
				A47833352B474B090060AFCC /* NetworkClientError.swift */,
				A478332D2B47486D0060AFCC /* NetworkClient.swift */,
				A47833322B474ABF0060AFCC /* URLSessionNetworkClient.swift */,
			);
			path = NetworkClient;
			sourceTree = "<group>";
		};
		A495E7182B46C462000BDD2C = {
			isa = PBXGroup;
			children = (
				A495E74F2B46CA0B000BDD2C /* .gitignore */,
				A495E7232B46C462000BDD2C /* PokeApp_SwiftUI */,
				A495E7342B46C46E000BDD2C /* PokeApp_SwiftUITests */,
				A495E73E2B46C46E000BDD2C /* PokeApp_SwiftUIUITests */,
				A495E7222B46C462000BDD2C /* Products */,
			);
			sourceTree = "<group>";
		};
		A495E7222B46C462000BDD2C /* Products */ = {
			isa = PBXGroup;
			children = (
				A495E7212B46C462000BDD2C /* PokeApp_SwiftUI.app */,
				A495E7312B46C46E000BDD2C /* PokeApp_SwiftUITests.xctest */,
				A495E73B2B46C46E000BDD2C /* PokeApp_SwiftUIUITests.xctest */,
			);
			name = Products;
			sourceTree = "<group>";
		};
		A495E7232B46C462000BDD2C /* PokeApp_SwiftUI */ = {
			isa = PBXGroup;
			children = (
				A478332F2B4748F40060AFCC /* NetworkClient */,
				A47833272B473BE40060AFCC /* Data */,
				A47833222B4736130060AFCC /* Entities */,
				A478331D2B4734990060AFCC /* DTO */,
				A47833182B4733610060AFCC /* UseCase */,
				A495E7242B46C462000BDD2C /* PokeApp_SwiftUIApp.swift */,
				A495E7262B46C462000BDD2C /* ContentView.swift */,
				A495E7282B46C46B000BDD2C /* Assets.xcassets */,
				A495E72A2B46C46B000BDD2C /* Preview Content */,
				A495E7512B46E2B5000BDD2C /* Coordinator.swift */,
			);
			path = PokeApp_SwiftUI;
			sourceTree = "<group>";
		};
		A495E72A2B46C46B000BDD2C /* Preview Content */ = {
			isa = PBXGroup;
			children = (
				A495E72B2B46C46B000BDD2C /* Preview Assets.xcassets */,
			);
			path = "Preview Content";
			sourceTree = "<group>";
		};
		A495E7342B46C46E000BDD2C /* PokeApp_SwiftUITests */ = {
			isa = PBXGroup;
			children = (
				A495E7352B46C46E000BDD2C /* PokeApp_SwiftUITests.swift */,
			);
			path = PokeApp_SwiftUITests;
			sourceTree = "<group>";
		};
		A495E73E2B46C46E000BDD2C /* PokeApp_SwiftUIUITests */ = {
			isa = PBXGroup;
			children = (
				A495E73F2B46C46E000BDD2C /* PokeApp_SwiftUIUITests.swift */,
				A495E7412B46C46E000BDD2C /* PokeApp_SwiftUIUITestsLaunchTests.swift */,
			);
			path = PokeApp_SwiftUIUITests;
			sourceTree = "<group>";
		};
/* End PBXGroup section */

/* Begin PBXNativeTarget section */
		A495E7202B46C462000BDD2C /* PokeApp_SwiftUI */ = {
			isa = PBXNativeTarget;
			buildConfigurationList = A495E7452B46C46E000BDD2C /* Build configuration list for PBXNativeTarget "PokeApp_SwiftUI" */;
			buildPhases = (
				A495E71D2B46C462000BDD2C /* Sources */,
				A495E71E2B46C462000BDD2C /* Frameworks */,
				A495E71F2B46C462000BDD2C /* Resources */,
			);
			buildRules = (
			);
			dependencies = (
			);
			name = PokeApp_SwiftUI;
			productName = PokeApp_SwiftUI;
			productReference = A495E7212B46C462000BDD2C /* PokeApp_SwiftUI.app */;
			productType = "com.apple.product-type.application";
		};
		A495E7302B46C46E000BDD2C /* PokeApp_SwiftUITests */ = {
			isa = PBXNativeTarget;
			buildConfigurationList = A495E7482B46C46E000BDD2C /* Build configuration list for PBXNativeTarget "PokeApp_SwiftUITests" */;
			buildPhases = (
				A495E72D2B46C46E000BDD2C /* Sources */,
				A495E72E2B46C46E000BDD2C /* Frameworks */,
				A495E72F2B46C46E000BDD2C /* Resources */,
			);
			buildRules = (
			);
			dependencies = (
				A495E7332B46C46E000BDD2C /* PBXTargetDependency */,
			);
			name = PokeApp_SwiftUITests;
			productName = PokeApp_SwiftUITests;
			productReference = A495E7312B46C46E000BDD2C /* PokeApp_SwiftUITests.xctest */;
			productType = "com.apple.product-type.bundle.unit-test";
		};
		A495E73A2B46C46E000BDD2C /* PokeApp_SwiftUIUITests */ = {
			isa = PBXNativeTarget;
			buildConfigurationList = A495E74B2B46C46E000BDD2C /* Build configuration list for PBXNativeTarget "PokeApp_SwiftUIUITests" */;
			buildPhases = (
				A495E7372B46C46E000BDD2C /* Sources */,
				A495E7382B46C46E000BDD2C /* Frameworks */,
				A495E7392B46C46E000BDD2C /* Resources */,
			);
			buildRules = (
			);
			dependencies = (
				A495E73D2B46C46E000BDD2C /* PBXTargetDependency */,
			);
			name = PokeApp_SwiftUIUITests;
			productName = PokeApp_SwiftUIUITests;
			productReference = A495E73B2B46C46E000BDD2C /* PokeApp_SwiftUIUITests.xctest */;
			productType = "com.apple.product-type.bundle.ui-testing";
		};
/* End PBXNativeTarget section */

/* Begin PBXProject section */
		A495E7192B46C462000BDD2C /* Project object */ = {
			isa = PBXProject;
			attributes = {
				BuildIndependentTargetsInParallel = 1;
				LastSwiftUpdateCheck = 1420;
				LastUpgradeCheck = 1420;
				TargetAttributes = {
					A495E7202B46C462000BDD2C = {
						CreatedOnToolsVersion = 14.2;
					};
					A495E7302B46C46E000BDD2C = {
						CreatedOnToolsVersion = 14.2;
						TestTargetID = A495E7202B46C462000BDD2C;
					};
					A495E73A2B46C46E000BDD2C = {
						CreatedOnToolsVersion = 14.2;
						TestTargetID = A495E7202B46C462000BDD2C;
					};
				};
			};
			buildConfigurationList = A495E71C2B46C462000BDD2C /* Build configuration list for PBXProject "PokeApp_SwiftUI" */;
			compatibilityVersion = "Xcode 14.0";
			developmentRegion = en;
			hasScannedForEncodings = 0;
			knownRegions = (
				en,
				Base,
			);
			mainGroup = A495E7182B46C462000BDD2C;
			productRefGroup = A495E7222B46C462000BDD2C /* Products */;
			projectDirPath = "";
			projectRoot = "";
			targets = (
				A495E7202B46C462000BDD2C /* PokeApp_SwiftUI */,
				A495E7302B46C46E000BDD2C /* PokeApp_SwiftUITests */,
				A495E73A2B46C46E000BDD2C /* PokeApp_SwiftUIUITests */,
			);
		};
/* End PBXProject section */

/* Begin PBXResourcesBuildPhase section */
		A495E71F2B46C462000BDD2C /* Resources */ = {
			isa = PBXResourcesBuildPhase;
			buildActionMask = 2147483647;
			files = (
				A495E72C2B46C46B000BDD2C /* Preview Assets.xcassets in Resources */,
				A495E7502B46CA0C000BDD2C /* .gitignore in Resources */,
				A495E7292B46C46B000BDD2C /* Assets.xcassets in Resources */,
			);
			runOnlyForDeploymentPostprocessing = 0;
		};
		A495E72F2B46C46E000BDD2C /* Resources */ = {
			isa = PBXResourcesBuildPhase;
			buildActionMask = 2147483647;
			files = (
			);
			runOnlyForDeploymentPostprocessing = 0;
		};
		A495E7392B46C46E000BDD2C /* Resources */ = {
			isa = PBXResourcesBuildPhase;
			buildActionMask = 2147483647;
			files = (
			);
			runOnlyForDeploymentPostprocessing = 0;
		};
/* End PBXResourcesBuildPhase section */

/* Begin PBXSourcesBuildPhase section */
		A495E71D2B46C462000BDD2C /* Sources */ = {
			isa = PBXSourcesBuildPhase;
			buildActionMask = 2147483647;
			files = (
				A47833332B474ABF0060AFCC /* URLSessionNetworkClient.swift in Sources */,
				A47833242B47367B0060AFCC /* Pokemon.swift in Sources */,
				A495E7272B46C462000BDD2C /* ContentView.swift in Sources */,
				A47833212B4735C10060AFCC /* GetPokemonsResponse.swift in Sources */,
				A478332E2B47486D0060AFCC /* NetworkClient.swift in Sources */,
				A478332A2B473D5C0060AFCC /* LiveRemotePokemonService.swift in Sources */,
				A47833312B4749310060AFCC /* APIResponse.swift in Sources */,
				A478332C2B4741B20060AFCC /* GetPokemonListUseCase.swift in Sources */,
				A47833262B473AD30060AFCC /* PokemonRepository.swift in Sources */,
				A478331C2B4733DF0060AFCC /* RemotePokemonService.swift in Sources */,
				A47833362B474B090060AFCC /* NetworkClientError.swift in Sources */,
				A495E7252B46C462000BDD2C /* PokeApp_SwiftUIApp.swift in Sources */,
				A495E7522B46E2B5000BDD2C /* Coordinator.swift in Sources */,
				A478331F2B4735030060AFCC /* GetPokemonsRequest.swift in Sources */,
			);
			runOnlyForDeploymentPostprocessing = 0;
		};
		A495E72D2B46C46E000BDD2C /* Sources */ = {
			isa = PBXSourcesBuildPhase;
			buildActionMask = 2147483647;
			files = (
				A495E7362B46C46E000BDD2C /* PokeApp_SwiftUITests.swift in Sources */,
			);
			runOnlyForDeploymentPostprocessing = 0;
		};
		A495E7372B46C46E000BDD2C /* Sources */ = {
			isa = PBXSourcesBuildPhase;
			buildActionMask = 2147483647;
			files = (
				A495E7402B46C46E000BDD2C /* PokeApp_SwiftUIUITests.swift in Sources */,
				A495E7422B46C46E000BDD2C /* PokeApp_SwiftUIUITestsLaunchTests.swift in Sources */,
			);
			runOnlyForDeploymentPostprocessing = 0;
		};
/* End PBXSourcesBuildPhase section */

/* Begin PBXTargetDependency section */
		A495E7332B46C46E000BDD2C /* PBXTargetDependency */ = {
			isa = PBXTargetDependency;
			target = A495E7202B46C462000BDD2C /* PokeApp_SwiftUI */;
			targetProxy = A495E7322B46C46E000BDD2C /* PBXContainerItemProxy */;
		};
		A495E73D2B46C46E000BDD2C /* PBXTargetDependency */ = {
			isa = PBXTargetDependency;
			target = A495E7202B46C462000BDD2C /* PokeApp_SwiftUI */;
			targetProxy = A495E73C2B46C46E000BDD2C /* PBXContainerItemProxy */;
		};
/* End PBXTargetDependency section */

/* Begin XCBuildConfiguration section */
		A495E7432B46C46E000BDD2C /* Debug */ = {
			isa = XCBuildConfiguration;
			buildSettings = {
				ALWAYS_SEARCH_USER_PATHS = NO;
				CLANG_ANALYZER_NONNULL = YES;
				CLANG_ANALYZER_NUMBER_OBJECT_CONVERSION = YES_AGGRESSIVE;
				CLANG_CXX_LANGUAGE_STANDARD = "gnu++20";
				CLANG_ENABLE_MODULES = YES;
				CLANG_ENABLE_OBJC_ARC = YES;
				CLANG_ENABLE_OBJC_WEAK = YES;
				CLANG_WARN_BLOCK_CAPTURE_AUTORELEASING = YES;
				CLANG_WARN_BOOL_CONVERSION = YES;
				CLANG_WARN_COMMA = YES;
				CLANG_WARN_CONSTANT_CONVERSION = YES;
				CLANG_WARN_DEPRECATED_OBJC_IMPLEMENTATIONS = YES;
				CLANG_WARN_DIRECT_OBJC_ISA_USAGE = YES_ERROR;
				CLANG_WARN_DOCUMENTATION_COMMENTS = YES;
				CLANG_WARN_EMPTY_BODY = YES;
				CLANG_WARN_ENUM_CONVERSION = YES;
				CLANG_WARN_INFINITE_RECURSION = YES;
				CLANG_WARN_INT_CONVERSION = YES;
				CLANG_WARN_NON_LITERAL_NULL_CONVERSION = YES;
				CLANG_WARN_OBJC_IMPLICIT_RETAIN_SELF = YES;
				CLANG_WARN_OBJC_LITERAL_CONVERSION = YES;
				CLANG_WARN_OBJC_ROOT_CLASS = YES_ERROR;
				CLANG_WARN_QUOTED_INCLUDE_IN_FRAMEWORK_HEADER = YES;
				CLANG_WARN_RANGE_LOOP_ANALYSIS = YES;
				CLANG_WARN_STRICT_PROTOTYPES = YES;
				CLANG_WARN_SUSPICIOUS_MOVE = YES;
				CLANG_WARN_UNGUARDED_AVAILABILITY = YES_AGGRESSIVE;
				CLANG_WARN_UNREACHABLE_CODE = YES;
				CLANG_WARN__DUPLICATE_METHOD_MATCH = YES;
				COPY_PHASE_STRIP = NO;
				DEBUG_INFORMATION_FORMAT = dwarf;
				DRIVERKIT_DEPLOYMENT_TARGET = 22.2;
				ENABLE_STRICT_OBJC_MSGSEND = YES;
				ENABLE_TESTABILITY = YES;
				GCC_C_LANGUAGE_STANDARD = gnu11;
				GCC_DYNAMIC_NO_PIC = NO;
				GCC_NO_COMMON_BLOCKS = YES;
				GCC_OPTIMIZATION_LEVEL = 0;
				GCC_PREPROCESSOR_DEFINITIONS = (
					"DEBUG=1",
					"$(inherited)",
				);
				GCC_WARN_64_TO_32_BIT_CONVERSION = YES;
				GCC_WARN_ABOUT_RETURN_TYPE = YES_ERROR;
				GCC_WARN_UNDECLARED_SELECTOR = YES;
				GCC_WARN_UNINITIALIZED_AUTOS = YES_AGGRESSIVE;
				GCC_WARN_UNUSED_FUNCTION = YES;
				GCC_WARN_UNUSED_VARIABLE = YES;
				IPHONEOS_DEPLOYMENT_TARGET = 15.6;
				MTL_ENABLE_DEBUG_INFO = INCLUDE_SOURCE;
				MTL_FAST_MATH = YES;
				ONLY_ACTIVE_ARCH = YES;
				SDKROOT = iphoneos;
				SWIFT_ACTIVE_COMPILATION_CONDITIONS = DEBUG;
				SWIFT_OPTIMIZATION_LEVEL = "-Onone";
			};
			name = Debug;
		};
		A495E7442B46C46E000BDD2C /* Release */ = {
			isa = XCBuildConfiguration;
			buildSettings = {
				ALWAYS_SEARCH_USER_PATHS = NO;
				CLANG_ANALYZER_NONNULL = YES;
				CLANG_ANALYZER_NUMBER_OBJECT_CONVERSION = YES_AGGRESSIVE;
				CLANG_CXX_LANGUAGE_STANDARD = "gnu++20";
				CLANG_ENABLE_MODULES = YES;
				CLANG_ENABLE_OBJC_ARC = YES;
				CLANG_ENABLE_OBJC_WEAK = YES;
				CLANG_WARN_BLOCK_CAPTURE_AUTORELEASING = YES;
				CLANG_WARN_BOOL_CONVERSION = YES;
				CLANG_WARN_COMMA = YES;
				CLANG_WARN_CONSTANT_CONVERSION = YES;
				CLANG_WARN_DEPRECATED_OBJC_IMPLEMENTATIONS = YES;
				CLANG_WARN_DIRECT_OBJC_ISA_USAGE = YES_ERROR;
				CLANG_WARN_DOCUMENTATION_COMMENTS = YES;
				CLANG_WARN_EMPTY_BODY = YES;
				CLANG_WARN_ENUM_CONVERSION = YES;
				CLANG_WARN_INFINITE_RECURSION = YES;
				CLANG_WARN_INT_CONVERSION = YES;
				CLANG_WARN_NON_LITERAL_NULL_CONVERSION = YES;
				CLANG_WARN_OBJC_IMPLICIT_RETAIN_SELF = YES;
				CLANG_WARN_OBJC_LITERAL_CONVERSION = YES;
				CLANG_WARN_OBJC_ROOT_CLASS = YES_ERROR;
				CLANG_WARN_QUOTED_INCLUDE_IN_FRAMEWORK_HEADER = YES;
				CLANG_WARN_RANGE_LOOP_ANALYSIS = YES;
				CLANG_WARN_STRICT_PROTOTYPES = YES;
				CLANG_WARN_SUSPICIOUS_MOVE = YES;
				CLANG_WARN_UNGUARDED_AVAILABILITY = YES_AGGRESSIVE;
				CLANG_WARN_UNREACHABLE_CODE = YES;
				CLANG_WARN__DUPLICATE_METHOD_MATCH = YES;
				COPY_PHASE_STRIP = NO;
				DEBUG_INFORMATION_FORMAT = "dwarf-with-dsym";
				DRIVERKIT_DEPLOYMENT_TARGET = 22.2;
				ENABLE_NS_ASSERTIONS = NO;
				ENABLE_STRICT_OBJC_MSGSEND = YES;
				GCC_C_LANGUAGE_STANDARD = gnu11;
				GCC_NO_COMMON_BLOCKS = YES;
				GCC_WARN_64_TO_32_BIT_CONVERSION = YES;
				GCC_WARN_ABOUT_RETURN_TYPE = YES_ERROR;
				GCC_WARN_UNDECLARED_SELECTOR = YES;
				GCC_WARN_UNINITIALIZED_AUTOS = YES_AGGRESSIVE;
				GCC_WARN_UNUSED_FUNCTION = YES;
				GCC_WARN_UNUSED_VARIABLE = YES;
				IPHONEOS_DEPLOYMENT_TARGET = 15.6;
				MTL_ENABLE_DEBUG_INFO = NO;
				MTL_FAST_MATH = YES;
				SDKROOT = iphoneos;
				SWIFT_COMPILATION_MODE = wholemodule;
				SWIFT_OPTIMIZATION_LEVEL = "-O";
				VALIDATE_PRODUCT = YES;
			};
			name = Release;
		};
		A495E7462B46C46E000BDD2C /* Debug */ = {
			isa = XCBuildConfiguration;
			buildSettings = {
				ASSETCATALOG_COMPILER_APPICON_NAME = AppIcon;
				ASSETCATALOG_COMPILER_GLOBAL_ACCENT_COLOR_NAME = AccentColor;
				CODE_SIGN_STYLE = Automatic;
				CURRENT_PROJECT_VERSION = 1;
				DEVELOPMENT_ASSET_PATHS = "\"PokeApp_SwiftUI/Preview Content\"";
				DEVELOPMENT_TEAM = 5H42AVDAU6;
				DRIVERKIT_DEPLOYMENT_TARGET = 20.0;
				ENABLE_PREVIEWS = YES;
				GENERATE_INFOPLIST_FILE = YES;
				INFOPLIST_KEY_UIApplicationSceneManifest_Generation = YES;
				INFOPLIST_KEY_UIApplicationSupportsIndirectInputEvents = YES;
				INFOPLIST_KEY_UILaunchScreen_Generation = YES;
				INFOPLIST_KEY_UISupportedInterfaceOrientations_iPad = "UIInterfaceOrientationPortrait UIInterfaceOrientationPortraitUpsideDown UIInterfaceOrientationLandscapeLeft UIInterfaceOrientationLandscapeRight";
				INFOPLIST_KEY_UISupportedInterfaceOrientations_iPhone = "UIInterfaceOrientationPortrait UIInterfaceOrientationLandscapeLeft UIInterfaceOrientationLandscapeRight";
				IPHONEOS_DEPLOYMENT_TARGET = 14.0;
				LD_RUNPATH_SEARCH_PATHS = (
					"$(inherited)",
					"@executable_path/Frameworks",
				);
				MARKETING_VERSION = 1.0;
				PRODUCT_BUNDLE_IDENTIFIER = "com.flexprods.PokeApp-SwiftUI";
				PRODUCT_NAME = "$(TARGET_NAME)";
				SWIFT_EMIT_LOC_STRINGS = YES;
				SWIFT_VERSION = 5.0;
				TARGETED_DEVICE_FAMILY = 1;
			};
			name = Debug;
		};
		A495E7472B46C46E000BDD2C /* Release */ = {
			isa = XCBuildConfiguration;
			buildSettings = {
				ASSETCATALOG_COMPILER_APPICON_NAME = AppIcon;
				ASSETCATALOG_COMPILER_GLOBAL_ACCENT_COLOR_NAME = AccentColor;
				CODE_SIGN_STYLE = Automatic;
				CURRENT_PROJECT_VERSION = 1;
				DEVELOPMENT_ASSET_PATHS = "\"PokeApp_SwiftUI/Preview Content\"";
				DEVELOPMENT_TEAM = 5H42AVDAU6;
				DRIVERKIT_DEPLOYMENT_TARGET = 20.0;
				ENABLE_PREVIEWS = YES;
				GENERATE_INFOPLIST_FILE = YES;
				INFOPLIST_KEY_UIApplicationSceneManifest_Generation = YES;
				INFOPLIST_KEY_UIApplicationSupportsIndirectInputEvents = YES;
				INFOPLIST_KEY_UILaunchScreen_Generation = YES;
				INFOPLIST_KEY_UISupportedInterfaceOrientations_iPad = "UIInterfaceOrientationPortrait UIInterfaceOrientationPortraitUpsideDown UIInterfaceOrientationLandscapeLeft UIInterfaceOrientationLandscapeRight";
				INFOPLIST_KEY_UISupportedInterfaceOrientations_iPhone = "UIInterfaceOrientationPortrait UIInterfaceOrientationLandscapeLeft UIInterfaceOrientationLandscapeRight";
				IPHONEOS_DEPLOYMENT_TARGET = 14.0;
				LD_RUNPATH_SEARCH_PATHS = (
					"$(inherited)",
					"@executable_path/Frameworks",
				);
				MARKETING_VERSION = 1.0;
				PRODUCT_BUNDLE_IDENTIFIER = "com.flexprods.PokeApp-SwiftUI";
				PRODUCT_NAME = "$(TARGET_NAME)";
				SWIFT_EMIT_LOC_STRINGS = YES;
				SWIFT_VERSION = 5.0;
				TARGETED_DEVICE_FAMILY = 1;
			};
			name = Release;
		};
		A495E7492B46C46E000BDD2C /* Debug */ = {
			isa = XCBuildConfiguration;
			buildSettings = {
				ALWAYS_EMBED_SWIFT_STANDARD_LIBRARIES = YES;
				BUNDLE_LOADER = "$(TEST_HOST)";
				CODE_SIGN_STYLE = Automatic;
				CURRENT_PROJECT_VERSION = 1;
				GENERATE_INFOPLIST_FILE = YES;
				IPHONEOS_DEPLOYMENT_TARGET = 16.2;
				MARKETING_VERSION = 1.0;
				PRODUCT_BUNDLE_IDENTIFIER = "com.flexprods.PokeApp-SwiftUITests";
				PRODUCT_NAME = "$(TARGET_NAME)";
				SWIFT_EMIT_LOC_STRINGS = NO;
				SWIFT_VERSION = 5.0;
				TARGETED_DEVICE_FAMILY = "1,2";
				TEST_HOST = "$(BUILT_PRODUCTS_DIR)/PokeApp_SwiftUI.app/$(BUNDLE_EXECUTABLE_FOLDER_PATH)/PokeApp_SwiftUI";
			};
			name = Debug;
		};
		A495E74A2B46C46E000BDD2C /* Release */ = {
			isa = XCBuildConfiguration;
			buildSettings = {
				ALWAYS_EMBED_SWIFT_STANDARD_LIBRARIES = YES;
				BUNDLE_LOADER = "$(TEST_HOST)";
				CODE_SIGN_STYLE = Automatic;
				CURRENT_PROJECT_VERSION = 1;
				GENERATE_INFOPLIST_FILE = YES;
				IPHONEOS_DEPLOYMENT_TARGET = 16.2;
				MARKETING_VERSION = 1.0;
				PRODUCT_BUNDLE_IDENTIFIER = "com.flexprods.PokeApp-SwiftUITests";
				PRODUCT_NAME = "$(TARGET_NAME)";
				SWIFT_EMIT_LOC_STRINGS = NO;
				SWIFT_VERSION = 5.0;
				TARGETED_DEVICE_FAMILY = "1,2";
				TEST_HOST = "$(BUILT_PRODUCTS_DIR)/PokeApp_SwiftUI.app/$(BUNDLE_EXECUTABLE_FOLDER_PATH)/PokeApp_SwiftUI";
			};
			name = Release;
		};
		A495E74C2B46C46E000BDD2C /* Debug */ = {
			isa = XCBuildConfiguration;
			buildSettings = {
				ALWAYS_EMBED_SWIFT_STANDARD_LIBRARIES = YES;
				CODE_SIGN_STYLE = Automatic;
				CURRENT_PROJECT_VERSION = 1;
				GENERATE_INFOPLIST_FILE = YES;
				MARKETING_VERSION = 1.0;
				PRODUCT_BUNDLE_IDENTIFIER = "com.flexprods.PokeApp-SwiftUIUITests";
				PRODUCT_NAME = "$(TARGET_NAME)";
				SWIFT_EMIT_LOC_STRINGS = NO;
				SWIFT_VERSION = 5.0;
				TARGETED_DEVICE_FAMILY = "1,2";
				TEST_TARGET_NAME = PokeApp_SwiftUI;
			};
			name = Debug;
		};
		A495E74D2B46C46E000BDD2C /* Release */ = {
			isa = XCBuildConfiguration;
			buildSettings = {
				ALWAYS_EMBED_SWIFT_STANDARD_LIBRARIES = YES;
				CODE_SIGN_STYLE = Automatic;
				CURRENT_PROJECT_VERSION = 1;
				GENERATE_INFOPLIST_FILE = YES;
				MARKETING_VERSION = 1.0;
				PRODUCT_BUNDLE_IDENTIFIER = "com.flexprods.PokeApp-SwiftUIUITests";
				PRODUCT_NAME = "$(TARGET_NAME)";
				SWIFT_EMIT_LOC_STRINGS = NO;
				SWIFT_VERSION = 5.0;
				TARGETED_DEVICE_FAMILY = "1,2";
				TEST_TARGET_NAME = PokeApp_SwiftUI;
			};
			name = Release;
		};
/* End XCBuildConfiguration section */

/* Begin XCConfigurationList section */
		A495E71C2B46C462000BDD2C /* Build configuration list for PBXProject "PokeApp_SwiftUI" */ = {
			isa = XCConfigurationList;
			buildConfigurations = (
				A495E7432B46C46E000BDD2C /* Debug */,
				A495E7442B46C46E000BDD2C /* Release */,
			);
			defaultConfigurationIsVisible = 0;
			defaultConfigurationName = Release;
		};
		A495E7452B46C46E000BDD2C /* Build configuration list for PBXNativeTarget "PokeApp_SwiftUI" */ = {
			isa = XCConfigurationList;
			buildConfigurations = (
				A495E7462B46C46E000BDD2C /* Debug */,
				A495E7472B46C46E000BDD2C /* Release */,
			);
			defaultConfigurationIsVisible = 0;
			defaultConfigurationName = Release;
		};
		A495E7482B46C46E000BDD2C /* Build configuration list for PBXNativeTarget "PokeApp_SwiftUITests" */ = {
			isa = XCConfigurationList;
			buildConfigurations = (
				A495E7492B46C46E000BDD2C /* Debug */,
				A495E74A2B46C46E000BDD2C /* Release */,
			);
			defaultConfigurationIsVisible = 0;
			defaultConfigurationName = Release;
		};
		A495E74B2B46C46E000BDD2C /* Build configuration list for PBXNativeTarget "PokeApp_SwiftUIUITests" */ = {
			isa = XCConfigurationList;
			buildConfigurations = (
				A495E74C2B46C46E000BDD2C /* Debug */,
				A495E74D2B46C46E000BDD2C /* Release */,
			);
			defaultConfigurationIsVisible = 0;
			defaultConfigurationName = Release;
		};
/* End XCConfigurationList section */
	};
	rootObject = A495E7192B46C462000BDD2C /* Project object */;
}
